
Microsoft Visual Studio Solution File, Format Version 12.00
Project("{FAE04EC0-301F-11D3-BF4B-00C04F79EFBC}") = "MSALTest", "MSALTest.csproj", "{0D92D6A8-47D8-4056-8147-A0107BA1E53B}"
EndProject
Global
	GlobalSection(SolutionConfigurationPlatforms) = preSolution
		Debug|Any CPU = Debug|Any CPU
		Release|Any CPU = Release|Any CPU
	EndGlobalSection
	GlobalSection(ProjectConfigurationPlatforms) = postSolution
		{0D92D6A8-47D8-4056-8147-A0107BA1E53B}.Debug|Any CPU.ActiveCfg = Debug|Any CPU
		{0D92D6A8-47D8-4056-8147-A0107BA1E53B}.Debug|Any CPU.Build.0 = Debug|Any CPU
		{0D92D6A8-47D8-4056-8147-A0107BA1E53B}.Release|Any CPU.ActiveCfg = Release|Any CPU
		{0D92D6A8-47D8-4056-8147-A0107BA1E53B}.Release|Any CPU.Build.0 = Release|Any CPU
	EndGlobalSection
EndGlobal
